version = 1
revision = 3
requires-python = ">=3.12"

[[package]]
name = "colorama"
version = "0.4.6"
source = { registry = "https://pypi.org/simple" }
sdist = { url = "https://files.pythonhosted.org/packages/d8/53/6f443c9a4a8358a93a6792e2acffb9d9d5cb0a5cfd8802644b7b1c9a02e4/colorama-0.4.6.tar.gz", hash = "sha256:08695f5cb7ed6e0531a20572697297273c47b8cae5a63ffc6d6ed5c201be6e44", size = 27697, upload-time = "2022-10-25T02:36:22.414Z" }
wheels = [
    { url = "https://files.pythonhosted.org/packages/d1/d6/3965ed04c63042e047cb6a3e6ed1a63a35087b6a609aa3a15ed8ac56c221/colorama-0.4.6-py2.py3-none-any.whl", hash = "sha256:4f1d9991f5acc0ca119f9d443620b77f9d6b33703e51011c16baf57afb285fc6", size = 25335, upload-time = "2022-10-25T02:36:20.889Z" },
]

[[package]]
name = "iniconfig"
version = "2.3.0"
source = { registry = "https://pypi.org/simple" }
sdist = { url = "https://files.pythonhosted.org/packages/72/34/14ca021ce8e5dfedc35312d08ba8bf51fdd999c576889fc2c24cb97f4f10/iniconfig-2.3.0.tar.gz", hash = "sha256:c76315c77db068650d49c5b56314774a7804df16fee4402c1f19d6d15d8c4730", size = 20503, upload-time = "2025-10-18T21:55:43.219Z" }
wheels = [
    { url = "https://files.pythonhosted.org/packages/cb/b1/3846dd7f199d53cb17f49cba7e651e9ce294d8497c8c150530ed11865bb8/iniconfig-2.3.0-py3-none-any.whl", hash = "sha256:f631c04d2c48c52b84d0d0549c99ff3859c98df65b3101406327ecc7d53fbf12", size = 7484, upload-time = "2025-10-18T21:55:41.639Z" },
]

[[package]]
name = "packaging"
version = "26.3"
source = { registry = "https://pypi.org/simple" }
sdist = { url = "https://files.pythonhosted.org/packages/7d/fa/3944b40b07da9ce895c0e6303a5ab7d53da063554f534556b134a54d6093/packaging-26.3.tar.gz", hash = "sha256:94edc256424af38762eb31306eed28beb9f0efc50a8837492c9d6fd6004aed79", size = 313412, upload-time = "2026-08-04T18:15:28.737Z" }
wheels = [
    { url = "https://files.pythonhosted.org/packages/63/34/ba1c580383c9eada3711951fef0795c80b829a078d72188184bcab9dd527/packaging-26.3-py3-none-any.whl", hash = "sha256:d7193f7c8e4e93f444fde0262bf90af30e16fa0ad0ad44cb553c87339b23cd1c", size = 129956, upload-time = "2026-08-04T18:15:27.159Z" },
]

[[package]]
name = "pluggy"
version = "1.6.0"
source = { registry = "https://pypi.org/simple" }
sdist = { url = "https://files.pythonhosted.org/packages/f9/e2/3e91f31a7d2b083fe6ef3fa267035b518369d9511ffab804f839851d2779/pluggy-1.6.0.tar.gz", hash = "sha256:7dcc130b76258d33b90f61b658791dede3486c3e6bfb003ee5c9bfb396dd22f3", size = 69412, upload-time = "2025-05-15T12:30:07.975Z" }
wheels = [
    { url = "https://files.pythonhosted.org/packages/54/20/4d324d65cc6d9205fabedc306948156824eb9f0ee1633355a8f7ec5c66bf/pluggy-1.6.0-py3-none-any.whl", hash = "sha256:e920276dd6813095e9377c0bc5566d94c932c33b27a3e3945d8389c374dd4746", size = 20538, upload-time = "2025-05-15T12:30:06.134Z" },
]

[[package]]
name = "pygments"
version = "2.21.0"
source = { registry = "https://pypi.org/simple" }
sdist = { url = "https://files.pythonhosted.org/packages/49/2e/ced460408999b33da6b31b0021b0f37d329e202d4169aeb164493778f25b/pygments-2.21.0.tar.gz", hash = "sha256:610ca751c9bc2492b38eb9a38a7fbc93edbbb2d7182edaf34e66ae493dee5c8c", size = 5005329, upload-time = "2026-08-17T08:02:48.824Z" }
wheels = [
    { url = "https://files.pythonhosted.org/packages/71/46/17f022dd3e953bf20a04a028a21ec746d942f8d2af30fa0f124fa0e6a684/pygments-2.21.0-py3-none-any.whl", hash = "sha256:2363c69b61c4a97c838da3b130dcd6468f4848992b21a82f2a63ec34377137d9", size = 1250147, upload-time = "2026-08-17T08:02:44.912Z" },
]

[[package]]
name = "pypdf"
version = "6.16.2"
source = { registry = "https://pypi.org/simple" }
sdist = { url = "https://files.pythonhosted.org/packages/44/66/54212e75406afd9f3e933d0dda23072f6aecc55c5a273077dc2e0b028b23/pypdf-6.16.2.tar.gz", hash = "sha256:595647f6191de6f402cfde1d0c455d6cbccbd509aac32b34783009c032de5d6e", size = 7008996, upload-time = "2026-08-23T13:50:07.135Z" }
wheels = [
    { url = "https://files.pythonhosted.org/packages/13/f1/a2da3b55acd4ab737bf728c97edaaed5ec1d3c1236acb639dcdfa97e42c7/pypdf-6.16.2-py3-none-any.whl", hash = "sha256:c8b09a59399062fb45a1b8156c18a787a10a3dae03ac9674397a226712c94604", size = 385060, upload-time = "2026-08-23T13:50:05.349Z" },
]

[[package]]
name = "pyside6"
version = "6.11.2"
source = { registry = "https://pypi.org/simple" }
dependencies = [
    { name = "pyside6-addons" },
    { name = "pyside6-essentials" },
    { name = "shiboken6" },
]
wheels = [
    { url = "https://files.pythonhosted.org/packages/ae/b5/99ff75f604d69eda1c5d1fe85cc43fb697d95eabc30ba86af099c2ddcd96/pyside6-6.11.2-cp310-abi3-macosx_13_0_universal2.whl", hash = "sha256:13a3c79816879d9743672a669f1988f74459a78f89a97a2624fae4fe059ffa3a", size = 571875, upload-time = "2026-08-18T06:37:27.794Z" },
    { url = "https://files.pythonhosted.org/packages/b2/fe/968844def58150a41568b505edca0d68df6901b20ea4222ccb0c069cc703/pyside6-6.11.2-cp310-abi3-manylinux_2_34_x86_64.whl", hash = "sha256:dc6d03990489a5085842770718392ef5de36352d8f608d9a9fe03e60af4d7b66", size = 572120, upload-time = "2026-08-18T06:37:30.298Z" },
    { url = "https://files.pythonhosted.org/packages/5e/5c/f4ecc6defaec645e5ac3ca2f99e3da286a28d1c647c2d10b584e0392b94c/pyside6-6.11.2-cp310-abi3-manylinux_2_39_aarch64.whl", hash = "sha256:57fe867a6c93821a085d74e8a26f863fc2363516848181c466032595b33b1729", size = 572121, upload-time = "2026-08-18T06:37:32.383Z" },
    { url = "https://files.pythonhosted.org/packages/94/fe/4aea9d30300fff4cda9bb729c1363b9e1095a8544e0d6b57065465e16599/pyside6-6.11.2-cp310-abi3-win_amd64.whl", hash = "sha256:3201d67e3c10be2eaedd3910ff0f02351eca7e88c95a291cde5e7f2f55ef207f", size = 578382, upload-time = "2026-08-18T06:37:34.385Z" },
    { url = "https://files.pythonhosted.org/packages/26/b0/8e2fb01e9ee15ad29fe10d0dd2d37f503e4aa3714c9fbb07aca380618de7/pyside6-6.11.2-cp310-abi3-win_arm64.whl", hash = "sha256:0444ac71d0791a19bded35f6d9a94515941f23a6eb7098ca45a1b64a338be697", size = 561768, upload-time = "2026-08-18T06:37:36.437Z" },
]

[[package]]
name = "pyside6-addons"
version = "6.11.2"
source = { registry = "https://pypi.org/simple" }
dependencies = [
    { name = "pyside6-essentials" },
    { name = "shiboken6" },
]
wheels = [
    { url = "https://files.pythonhosted.org/packages/e3/91/339fe9f7c94163815004ccd6b5c58b926b2dfb4e51c3b5563d412eab151f/pyside6_addons-6.11.2-cp310-abi3-macosx_13_0_universal2.whl", hash = "sha256:354c574a839f7d0751960ba03f33bec87c95e0f2796dca3287f54d03abe97dac", size = 332047075, upload-time = "2026-08-18T06:35:33.037Z" },
    { url = "https://files.pythonhosted.org/packages/28/cd/ce470e20f68901f4dfa5f742d6a3a58ba865684a232e4b87d5a1a2179cc0/pyside6_addons-6.11.2-cp310-abi3-manylinux_2_34_x86_64.whl", hash = "sha256:a8b00956925fbdeffc7052cf933506391289f35ac4f3f71a0a167ec195cd47b4", size = 175062576, upload-time = "2026-08-18T06:35:45.583Z" },
    { url = "https://files.pythonhosted.org/packages/11/bd/f725a8984703612c72cd17d0871d047132bacaccc13fc0d288a5e8a37dad/pyside6_addons-6.11.2-cp310-abi3-manylinux_2_39_aarch64.whl", hash = "sha256:a2ca3c73e5f060d4aca49451abd9fba68dd0e1c66ff40cea3a1fe0415def579a", size = 170827254, upload-time = "2026-08-18T06:35:56.675Z" },
    { url = "https://files.pythonhosted.org/packages/fb/c1/08bf6594101b42fc88834009f1dac59a983c5b6805c62c5081f077d09b4a/pyside6_addons-6.11.2-cp310-abi3-win_amd64.whl", hash = "sha256:f449ea4431da20e7b86752cca8d166f93434516fe417f981c27e5f8e1b554407", size = 168208836, upload-time = "2026-08-18T06:36:07.295Z" },
    { url = "https://files.pythonhosted.org/packages/26/60/e4b7f09343e9f29e565f488fb44c4f1fe260db481ba2c08ad8a1a7d48216/pyside6_addons-6.11.2-cp310-abi3-win_arm64.whl", hash = "sha256:d5606af369484b862b4d5741cfc179e19d2b8819c3e04d210b8188e0c9f85988", size = 35807245, upload-time = "2026-08-18T06:36:12.485Z" },
]

[[package]]
name = "pyside6-essentials"
version = "6.11.2"
source = { registry = "https://pypi.org/simple" }
dependencies = [
    { name = "shiboken6" },
]
wheels = [
    { url = "https://files.pythonhosted.org/packages/6f/16/0b7ecf89ebada82ed0430be33809ff325761ece83104f8635b1bd101fcd0/pyside6_essentials-6.11.2-cp310-abi3-macosx_13_0_universal2.whl", hash = "sha256:77795c145202e65a78d88f7cd409d186e3ba23d159bdb3ba2dcd159ae5e5f0d9", size = 110800753, upload-time = "2026-08-18T06:36:33.674Z" },
    { url = "https://files.pythonhosted.org/packages/0e/1a/84a84bbc75835ee88abdcb66eb875b8e1a21834af9b833bc1893f2c1bfaf/pyside6_essentials-6.11.2-cp310-abi3-manylinux_2_34_x86_64.whl", hash = "sha256:aaf9f25f0f324874085fa5b26a610318db8a8e243cf85bb3e5400595191c7778", size = 80108947, upload-time = "2026-08-18T06:36:40.637Z" },
    { url = "https://files.pythonhosted.org/packages/60/4c/d92b08a2151d095b9a3725fa0e71b215ec686d40bbd5d8b702d21a9b5eaa/pyside6_essentials-6.11.2-cp310-abi3-manylinux_2_39_aarch64.whl", hash = "sha256:d3ec6e1885c46e57f16364f38ea8040ffc5dc0b18341058f608fede3ba930567", size = 79575497, upload-time = "2026-08-18T06:36:46.97Z" },
    { url = "https://files.pythonhosted.org/packages/dc/09/d2662684aee4d3f027ff9b1e965f22301bc28ffc5b7f167658508e4475dc/pyside6_essentials-6.11.2-cp310-abi3-win_amd64.whl", hash = "sha256:c8a29def77032773a30879f7f24415b5395ad08592d147c170824ef4c735dfc1", size = 76913043, upload-time = "2026-08-18T06:36:54.038Z" },
    { url = "https://files.pythonhosted.org/packages/cd/87/4dd2a6468cea600da1fcf9c7f02bc248eeaa98cdc75658e48e669d95326a/pyside6_essentials-6.11.2-cp310-abi3-win_arm64.whl", hash = "sha256:fadd75c5c20800d64dd0a586ea8cb337c5e630aa2246df0e5105738afa46e02c", size = 58125520, upload-time = "2026-08-18T06:36:59.073Z" },
]

[[package]]
name = "pytest"
version = "8.4.2"
source = { registry = "https://pypi.org/simple" }
dependencies = [
    { name = "colorama", marker = "sys_platform == 'win32'" },
    { name = "iniconfig" },
    { name = "packaging" },
    { name = "pluggy" },
    { name = "pygments" },
]
sdist = { url = "https://files.pythonhosted.org/packages/a3/5c/00a0e072241553e1a7496d638deababa67c5058571567b92a7eaa258397c/pytest-8.4.2.tar.gz", hash = "sha256:86c0d0b93306b961d58d62a4db4879f27fe25513d4b969df351abdddb3c30e01", size = 1519618, upload-time = "2025-09-04T14:34:22.711Z" }
wheels = [
    { url = "https://files.pythonhosted.org/packages/a8/a4/20da314d277121d6534b3a980b29035dcd51e6744bd79075a6ce8fa4eb8d/pytest-8.4.2-py3-none-any.whl", hash = "sha256:872f880de3fc3a5bdc88a11b39c9710c3497a547cfa9320bc3c5e62fbf272e79", size = 365750, upload-time = "2025-09-04T14:34:20.226Z" },
]

[[package]]
name = "pytest-qt"
version = "4.5.0"
source = { registry = "https://pypi.org/simple" }
dependencies = [
    { name = "pluggy" },
    { name = "pytest" },
    { name = "typing-extensions" },
]
sdist = { url = "https://files.pythonhosted.org/packages/d3/61/8bdec02663c18bf5016709b909411dce04a868710477dc9b9844ffcf8dd2/pytest_qt-4.5.0.tar.gz", hash = "sha256:51620e01c488f065d2036425cbc1cbcf8a6972295105fd285321eb47e66a319f", size = 128702, upload-time = "2025-07-01T17:24:39.889Z" }
wheels = [
    { url = "https://files.pythonhosted.org/packages/cc/d0/8339b888ad64a3d4e508fed8245a402b503846e1972c10ad60955883dcbb/pytest_qt-4.5.0-py3-none-any.whl", hash = "sha256:ed21ea9b861247f7d18090a26bfbda8fb51d7a8a7b6f776157426ff2ccf26eff", size = 37214, upload-time = "2025-07-01T17:24:38.226Z" },
]

[[package]]
name = "ruff"
version = "0.14.4"
source = { registry = "https://pypi.org/simple" }
sdist = { url = "https://files.pythonhosted.org/packages/df/55/cccfca45157a2031dcbb5a462a67f7cf27f8b37d4b3b1cd7438f0f5c1df6/ruff-0.14.4.tar.gz", hash = "sha256:f459a49fe1085a749f15414ca76f61595f1a2cc8778ed7c279b6ca2e1fd19df3", size = 5587844, upload-time = "2025-11-06T22:07:45.033Z" }
wheels = [
    { url = "https://files.pythonhosted.org/packages/17/b9/67240254166ae1eaa38dec32265e9153ac53645a6c6670ed36ad00722af8/ruff-0.14.4-py3-none-linux_armv6l.whl", hash = "sha256:e6604613ffbcf2297cd5dcba0e0ac9bd0c11dc026442dfbb614504e87c349518", size = 12606781, upload-time = "2025-11-06T22:07:01.841Z" },
    { url = "https://files.pythonhosted.org/packages/46/c8/09b3ab245d8652eafe5256ab59718641429f68681ee713ff06c5c549f156/ruff-0.14.4-py3-none-macosx_10_12_x86_64.whl", hash = "sha256:d99c0b52b6f0598acede45ee78288e5e9b4409d1ce7f661f0fa36d4cbeadf9a4", size = 12946765, upload-time = "2025-11-06T22:07:05.858Z" },
    { url = "https://files.pythonhosted.org/packages/14/bb/1564b000219144bf5eed2359edc94c3590dd49d510751dad26202c18a17d/ruff-0.14.4-py3-none-macosx_11_0_arm64.whl", hash = "sha256:9358d490ec030f1b51d048a7fd6ead418ed0826daf6149e95e30aa67c168af33", size = 11928120, upload-time = "2025-11-06T22:07:08.023Z" },
    { url = "https://files.pythonhosted.org/packages/a3/92/d5f1770e9988cc0742fefaa351e840d9aef04ec24ae1be36f333f96d5704/ruff-0.14.4-py3-none-manylinux_2_17_aarch64.manylinux2014_aarch64.whl", hash = "sha256:81b40d27924f1f02dfa827b9c0712a13c0e4b108421665322218fc38caf615c2", size = 12370877, upload-time = "2025-11-06T22:07:10.015Z" },
    { url = "https://files.pythonhosted.org/packages/e2/29/e9282efa55f1973d109faf839a63235575519c8ad278cc87a182a366810e/ruff-0.14.4-py3-none-manylinux_2_17_armv7l.manylinux2014_armv7l.whl", hash = "sha256:f5e649052a294fe00818650712083cddc6cc02744afaf37202c65df9ea52efa5", size = 12408538, upload-time = "2025-11-06T22:07:13.085Z" },
    { url = "https://files.pythonhosted.org/packages/8e/01/930ed6ecfce130144b32d77d8d69f5c610e6d23e6857927150adf5d7379a/ruff-0.14.4-py3-none-manylinux_2_17_i686.manylinux2014_i686.whl", hash = "sha256:aa082a8f878deeba955531f975881828fd6afd90dfa757c2b0808aadb437136e", size = 13141942, upload-time = "2025-11-06T22:07:15.386Z" },
    { url = "https://files.pythonhosted.org/packages/6a/46/a9c89b42b231a9f487233f17a89cbef9d5acd538d9488687a02ad288fa6b/ruff-0.14.4-py3-none-manylinux_2_17_ppc64.manylinux2014_ppc64.whl", hash = "sha256:1043c6811c2419e39011890f14d0a30470f19d47d197c4858b2787dfa698f6c8", size = 14544306, upload-time = "2025-11-06T22:07:17.631Z" },
    { url = "https://files.pythonhosted.org/packages/78/96/9c6cf86491f2a6d52758b830b89b78c2ae61e8ca66b86bf5a20af73d20e6/ruff-0.14.4-py3-none-manylinux_2_17_ppc64le.manylinux2014_ppc64le.whl", hash = "sha256:a9f3a936ac27fb7c2a93e4f4b943a662775879ac579a433291a6f69428722649", size = 14210427, upload-time = "2025-11-06T22:07:19.832Z" },
    { url = "https://files.pythonhosted.org/packages/71/f4/0666fe7769a54f63e66404e8ff698de1dcde733e12e2fd1c9c6efb689cb5/ruff-0.14.4-py3-none-manylinux_2_17_s390x.manylinux2014_s390x.whl", hash = "sha256:95643ffd209ce78bc113266b88fba3d39e0461f0cbc8b55fb92505030fb4a850", size = 13658488, upload-time = "2025-11-06T22:07:22.32Z" },
    { url = "https://files.pythonhosted.org/packages/ee/79/6ad4dda2cfd55e41ac9ed6d73ef9ab9475b1eef69f3a85957210c74ba12c/ruff-0.14.4-py3-none-manylinux_2_17_x86_64.manylinux2014_x86_64.whl", hash = "sha256:456daa2fa1021bc86ca857f43fe29d5d8b3f0e55e9f90c58c317c1dcc2afc7b5", size = 13354908, upload-time = "2025-11-06T22:07:24.347Z" },
    { url = "https://files.pythonhosted.org/packages/b5/60/f0b6990f740bb15c1588601d19d21bcc1bd5de4330a07222041678a8e04f/ruff-0.14.4-py3-none-manylinux_2_31_riscv64.whl", hash = "sha256:f911bba769e4a9f51af6e70037bb72b70b45a16db5ce73e1f72aefe6f6d62132", size = 13587803, upload-time = "2025-11-06T22:07:26.327Z" },
    { url = "https://files.pythonhosted.org/packages/c9/da/eaaada586f80068728338e0ef7f29ab3e4a08a692f92eb901a4f06bbff24/ruff-0.14.4-py3-none-musllinux_1_2_aarch64.whl", hash = "sha256:76158a7369b3979fa878612c623a7e5430c18b2fd1c73b214945c2d06337db67", size = 12279654, upload-time = "2025-11-06T22:07:28.46Z" },
    { url = "https://files.pythonhosted.org/packages/66/d4/b1d0e82cf9bf8aed10a6d45be47b3f402730aa2c438164424783ac88c0ed/ruff-0.14.4-py3-none-musllinux_1_2_armv7l.whl", hash = "sha256:f3b8f3b442d2b14c246e7aeca2e75915159e06a3540e2f4bed9f50d062d24469", size = 12357520, upload-time = "2025-11-06T22:07:31.468Z" },
    { url = "https://files.pythonhosted.org/packages/04/f4/53e2b42cc82804617e5c7950b7079d79996c27e99c4652131c6a1100657f/ruff-0.14.4-py3-none-musllinux_1_2_i686.whl", hash = "sha256:c62da9a06779deecf4d17ed04939ae8b31b517643b26370c3be1d26f3ef7dbde", size = 12719431, upload-time = "2025-11-06T22:07:33.831Z" },
    { url = "https://files.pythonhosted.org/packages/a2/94/80e3d74ed9a72d64e94a7b7706b1c1ebaa315ef2076fd33581f6a1cd2f95/ruff-0.14.4-py3-none-musllinux_1_2_x86_64.whl", hash = "sha256:5a443a83a1506c684e98acb8cb55abaf3ef725078be40237463dae4463366349", size = 13464394, upload-time = "2025-11-06T22:07:35.905Z" },
    { url = "https://files.pythonhosted.org/packages/54/1a/a49f071f04c42345c793d22f6cf5e0920095e286119ee53a64a3a3004825/ruff-0.14.4-py3-none-win32.whl", hash = "sha256:643b69cb63cd996f1fc7229da726d07ac307eae442dd8974dbc7cf22c1e18fff", size = 12493429, upload-time = "2025-11-06T22:07:38.43Z" },
    { url = "https://files.pythonhosted.org/packages/bc/22/e58c43e641145a2b670328fb98bc384e20679b5774258b1e540207580266/ruff-0.14.4-py3-none-win_amd64.whl", hash = "sha256:26673da283b96fe35fa0c939bf8411abec47111644aa9f7cfbd3c573fb125d2c", size = 13635380, upload-time = "2025-11-06T22:07:40.496Z" },
    { url = "https://files.pythonhosted.org/packages/30/bd/4168a751ddbbf43e86544b4de8b5c3b7be8d7167a2a5cb977d274e04f0a1/ruff-0.14.4-py3-none-win_arm64.whl", hash = "sha256:dd09c292479596b0e6fec8cd95c65c3a6dc68e9ad17b8f2382130f87ff6a75bb", size = 12663065, upload-time = "2025-11-06T22:07:42.603Z" },
]

[[package]]
name = "shiboken6"
version = "6.11.2"
source = { registry = "https://pypi.org/simple" }
wheels = [
    { url = "https://files.pythonhosted.org/packages/47/44/11bf71c36e71936ab4e923e5dd23599dab527c4488b01860b0f689ce9947/shiboken6-6.11.2-cp310-abi3-macosx_13_0_universal2.whl", hash = "sha256:53659683b1f7a08e9f87eff9b1065f1ceb7110cd7a4bc09fdf5efe43d286604d", size = 476674, upload-time = "2026-08-18T06:37:11.526Z" },
    { url = "https://files.pythonhosted.org/packages/a5/9a/f41bea4316d0c1bec4800842dcb4bd8fd3e29d6a79c496bc32e1aec42583/shiboken6-6.11.2-cp310-abi3-manylinux_2_34_x86_64.whl", hash = "sha256:7a7a0a72a9ed26c9bf77d42246b1c736486befb8f31aa2fb29957ea4cdd1c1c2", size = 272435, upload-time = "2026-08-18T06:37:13.397Z" },
    { url = "https://files.pythonhosted.org/packages/56/05/79ed0697515d4fc7435459e4ed4c4a3b5621a55b7c91d0f3f2cc3d617aa0/shiboken6-6.11.2-cp310-abi3-manylinux_2_39_aarch64.whl", hash = "sha256:4bbbd6fa4d7cff5ec5e12bc4c10e1d845fa30c89457ecb13cc64f7bddb77f6f9", size = 270668, upload-time = "2026-08-18T06:37:15.025Z" },
    { url = "https://files.pythonhosted.org/packages/ce/6b/fee1b4814317e4664e318644c9c007676c65a71e5b2b9d3ac4121a94dc0a/shiboken6-6.11.2-cp310-abi3-win_amd64.whl", hash = "sha256:6ab0eba1c904455df621f9a6df3ca2bb896bab8670572d2bc4e37804ae91f19a", size = 1226578, upload-time = "2026-08-18T06:37:18.002Z" },
    { url = "https://files.pythonhosted.org/packages/4d/b5/80c4e5aafeb8ac777cf5a1becfe87ac7197c35051df00b5f7819787e09d5/shiboken6-6.11.2-cp310-abi3-win_arm64.whl", hash = "sha256:97c49432488df958f0308736f3d15b6915d8826fc380af17bb4b9ec5c4a5e81b", size = 1784669, upload-time = "2026-08-18T06:37:21.046Z" },
]

[[package]]
name = "stou"
version = "0.1.0"
source = { editable = "." }
dependencies = [
    { name = "pypdf" },
    { name = "pyside6" },
]

[package.dev-dependencies]
dev = [
    { name = "pytest" },
    { name = "pytest-qt" },
    { name = "ruff" },
]

[package.metadata]
requires-dist = [
    { name = "pypdf", specifier = "==6.16.2" },
    { name = "pyside6", specifier = "==6.11.2" },
]

[package.metadata.requires-dev]
dev = [
    { name = "pytest", specifier = "==8.4.2" },
    { name = "pytest-qt", specifier = "==4.5.0" },
    { name = "ruff", specifier = "==0.14.4" },
]

[[package]]
name = "typing-extensions"
version = "4.16.0"
source = { registry = "https://pypi.org/simple" }
sdist = { url = "https://files.pythonhosted.org/packages/f6/cc/6253133b5bb138fc3306cebfbda2c520f545d36b5be2c7255cc528bb45d6/typing_extensions-4.16.0.tar.gz", hash = "sha256:dc983d19a509c94dba722ee6abd33940f7c05a89e243c47e907eb4db6f1a43e5", size = 113555, upload-time = "2026-07-02T08:40:05.92Z" }
wheels = [
    { url = "https://files.pythonhosted.org/packages/49/d3/b8441a820a491ddfc024b0b0cf0393375b75ea13866d9c66727e54c2fc80/typing_extensions-4.16.0-py3-none-any.whl", hash = "sha256:481caa481374e813c1b176ada14e97f1f67a4539ce9cfeb3f350d78d6370c2e8", size = 45571, upload-time = "2026-07-02T08:40:04.659Z" },
]
